
Microsoft Visual Studio Solution File, Format Version 12.00
# Visual Studio 15
VisualStudioVersion = 15.0.27130.2010
MinimumVisualStudioVersion = 10.0.40219.1
Project("{FAE04EC0-301F-11D3-BF4B-00C04F79EFBC}") = "SpotFinder.Android", "SpotFinder\SpotFinder.Android\SpotFinder.Android.csproj", "{CA69CFED-AE25-43B3-A958-2D8709AE63EA}"
EndProject
Project("{FAE04EC0-301F-11D3-BF4B-00C04F79EFBC}") = "SpotFinder.UWP", "SpotFinder\SpotFinder.UWP\SpotFinder.UWP.csproj", "{25B36971-9D62-42AE-AF44-FC6E2A1AB550}"
EndProject
Project("{FAE04EC0-301F-11D3-BF4B-00C04F79EFBC}") = "SpotFinder.iOS", "SpotFinder\SpotFinder.iOS\SpotFinder.iOS.csproj", "{38CE88ED-4999-4888-BEEF-B4F22BAB47AC}"
EndProject
Project("{9A19103F-16F7-4668-BE54-9A1E7A4F7556}") = "SpotFinder", "SpotFinder\SpotFinder\SpotFinder.csproj", "{9584CCC9-5679-4D01-90F7-B4B4479AB439}"
EndProject
Project("{2150E333-8FDC-42A3-9474-1A3956D46DE8}") = "External", "External", "{A35DF06C-5E0A-45BF-A5D5-FDA883291AB7}"
EndProject
Project("{9A19103F-16F7-4668-BE54-9A1E7A4F7556}") = "BuilderImmutableObject", "BuilderImmutableObject\BuilderImmutableObject.csproj", "{795A8319-B9FB-4867-9A39-21EA77A8F007}"
EndProject
Project("{2150E333-8FDC-42A3-9474-1A3956D46DE8}") = "Tests", "Tests", "{9E424D33-EE13-4593-8498-0D7420DAD064}"
EndProject
Project("{FAE04EC0-301F-11D3-BF4B-00C04F79EFBC}") = "SpotFinder.Test", "SpotFinder.Test\SpotFinder.Test.csproj", "{E9EB5CCC-350E-4591-BAAD-989D289C5BE4}"
EndProject
Global
	GlobalSection(SolutionConfigurationPlatforms) = preSolution
		Ad-Hoc|Any CPU = Ad-Hoc|Any CPU
		Ad-Hoc|ARM = Ad-Hoc|ARM
		Ad-Hoc|iPhone = Ad-Hoc|iPhone
		Ad-Hoc|iPhoneSimulator = Ad-Hoc|iPhoneSimulator
		Ad-Hoc|x64 = Ad-Hoc|x64
		Ad-Hoc|x86 = Ad-Hoc|x86
		AppStore|Any CPU = AppStore|Any CPU
		AppStore|ARM = AppStore|ARM
		AppStore|iPhone = AppStore|iPhone
		AppStore|iPhoneSimulator = AppStore|iPhoneSimulator
		AppStore|x64 = AppStore|x64
		AppStore|x86 = AppStore|x86
		Debug|Any CPU = Debug|Any CPU
		Debug|ARM = Debug|ARM
		Debug|iPhone = Debug|iPhone
		Debug|iPhoneSimulator = Debug|iPhoneSimulator
		Debug|x64 = Debug|x64
		Debug|x86 = Debug|x86
		Release|Any CPU = Release|Any CPU
		Release|ARM = Release|ARM
		Release|iPhone = Release|iPhone
		Release|iPhoneSimulator = Release|iPhoneSimulator
		Release|x64 = Release|x64
		Release|x86 = Release|x86
	EndGlobalSection
	GlobalSection(ProjectConfigurationPlatforms) = postSolution
		{CA69CFED-AE25-43B3-A958-2D8709AE63EA}.Ad-Hoc|Any CPU.ActiveCfg = Release|Any CPU
		{CA69CFED-AE25-43B3-A958-2D8709AE63EA}.Ad-Hoc|Any CPU.Build.0 = Release|Any CPU
		{CA69CFED-AE25-43B3-A958-2D8709AE63EA}.Ad-Hoc|Any CPU.Deploy.0 = Release|Any CPU
		{CA69CFED-AE25-43B3-A958-2D8709AE63EA}.Ad-Hoc|ARM.ActiveCfg = Release|Any CPU
		{CA69CFED-AE25-43B3-A958-2D8709AE63EA}.Ad-Hoc|ARM.Build.0 = Release|Any CPU
		{CA69CFED-AE25-43B3-A958-2D8709AE63EA}.Ad-Hoc|ARM.Deploy.0 = Release|Any CPU
		{CA69CFED-AE25-43B3-A958-2D8709AE63EA}.Ad-Hoc|iPhone.ActiveCfg = Release|Any CPU
		{CA69CFED-AE25-43B3-A958-2D8709AE63EA}.Ad-Hoc|iPhone.Build.0 = Release|Any CPU
		{CA69CFED-AE25-43B3-A958-2D8709AE63EA}.Ad-Hoc|iPhone.Deploy.0 = Release|Any CPU
		{CA69CFED-AE25-43B3-A958-2D8709AE63EA}.Ad-Hoc|iPhoneSimulator.ActiveCfg = Release|Any CPU
		{CA69CFED-AE25-43B3-A958-2D8709AE63EA}.Ad-Hoc|iPhoneSimulator.Build.0 = Release|Any CPU
		{CA69CFED-AE25-43B3-A958-2D8709AE63EA}.Ad-Hoc|iPhoneSimulator.Deploy.0 = Release|Any CPU
		{CA69CFED-AE25-43B3-A958-2D8709AE63EA}.Ad-Hoc|x64.ActiveCfg = Release|Any CPU
		{CA69CFED-AE25-43B3-A958-2D8709AE63EA}.Ad-Hoc|x64.Build.0 = Release|Any CPU
		{CA69CFED-AE25-43B3-A958-2D8709AE63EA}.Ad-Hoc|x64.Deploy.0 = Release|Any CPU
		{CA69CFED-AE25-43B3-A958-2D8709AE63EA}.Ad-Hoc|x86.ActiveCfg = Release|Any CPU
		{CA69CFED-AE25-43B3-A958-2D8709AE63EA}.Ad-Hoc|x86.Build.0 = Release|Any CPU
		{CA69CFED-AE25-43B3-A958-2D8709AE63EA}.Ad-Hoc|x86.Deploy.0 = Release|Any CPU
		{CA69CFED-AE25-43B3-A958-2D8709AE63EA}.AppStore|Any CPU.ActiveCfg = Release|Any CPU
		{CA69CFED-AE25-43B3-A958-2D8709AE63EA}.AppStore|Any CPU.Build.0 = Release|Any CPU
		{CA69CFED-AE25-43B3-A958-2D8709AE63EA}.AppStore|Any CPU.Deploy.0 = Release|Any CPU
		{CA69CFED-AE25-43B3-A958-2D8709AE63EA}.AppStore|ARM.ActiveCfg = Release|Any CPU
		{CA69CFED-AE25-43B3-A958-2D8709AE63EA}.AppStore|ARM.Build.0 = Release|Any CPU
		{CA69CFED-AE25-43B3-A958-2D8709AE63EA}.AppStore|ARM.Deploy.0 = Release|Any CPU
		{CA69CFED-AE25-43B3-A958-2D8709AE63EA}.AppStore|iPhone.ActiveCfg = Release|Any CPU
		{CA69CFED-AE25-43B3-A958-2D8709AE63EA}.AppStore|iPhone.Build.0 = Release|Any CPU
		{CA69CFED-AE25-43B3-A958-2D8709AE63EA}.AppStore|iPhone.Deploy.0 = Release|Any CPU
		{CA69CFED-AE25-43B3-A958-2D8709AE63EA}.AppStore|iPhoneSimulator.ActiveCfg = Release|Any CPU
		{CA69CFED-AE25-43B3-A958-2D8709AE63EA}.AppStore|iPhoneSimulator.Build.0 = Release|Any CPU
		{CA69CFED-AE25-43B3-A958-2D8709AE63EA}.AppStore|iPhoneSimulator.Deploy.0 = Release|Any CPU
		{CA69CFED-AE25-43B3-A958-2D8709AE63EA}.AppStore|x64.ActiveCfg = Release|Any CPU
		{CA69CFED-AE25-43B3-A958-2D8709AE63EA}.AppStore|x64.Build.0 = Release|Any CPU
		{CA69CFED-AE25-43B3-A958-2D8709AE63EA}.AppStore|x64.Deploy.0 = Release|Any CPU
		{CA69CFED-AE25-43B3-A958-2D8709AE63EA}.AppStore|x86.ActiveCfg = Release|Any CPU
		{CA69CFED-AE25-43B3-A958-2D8709AE63EA}.AppStore|x86.Build.0 = Release|Any CPU
		{CA69CFED-AE25-43B3-A958-2D8709AE63EA}.AppStore|x86.Deploy.0 = Release|Any CPU
		{CA69CFED-AE25-43B3-A958-2D8709AE63EA}.Debug|Any CPU.ActiveCfg = Debug|Any CPU
		{CA69CFED-AE25-43B3-A958-2D8709AE63EA}.Debug|Any CPU.Build.0 = Debug|Any CPU
		{CA69CFED-AE25-43B3-A958-2D8709AE63EA}.Debug|Any CPU.Deploy.0 = Debug|Any CPU
		{CA69CFED-AE25-43B3-A958-2D8709AE63EA}.Debug|ARM.ActiveCfg = Debug|Any CPU
		{CA69CFED-AE25-43B3-A958-2D8709AE63EA}.Debug|ARM.Build.0 = Debug|Any CPU
		{CA69CFED-AE25-43B3-A958-2D8709AE63EA}.Debug|ARM.Deploy.0 = Debug|Any CPU
		{CA69CFED-AE25-43B3-A958-2D8709AE63EA}.Debug|iPhone.ActiveCfg = Debug|Any CPU
		{CA69CFED-AE25-43B3-A958-2D8709AE63EA}.Debug|iPhone.Build.0 = Debug|Any CPU
		{CA69CFED-AE25-43B3-A958-2D8709AE63EA}.Debug|iPhone.Deploy.0 = Debug|Any CPU
		{CA69CFED-AE25-43B3-A958-2D8709AE63EA}.Debug|iPhoneSimulator.ActiveCfg = Debug|Any CPU
		{CA69CFED-AE25-43B3-A958-2D8709AE63EA}.Debug|iPhoneSimulator.Build.0 = Debug|Any CPU
		{CA69CFED-AE25-43B3-A958-2D8709AE63EA}.Debug|iPhoneSimulator.Deploy.0 = Debug|Any CPU
		{CA69CFED-AE25-43B3-A958-2D8709AE63EA}.Debug|x64.ActiveCfg = Debug|Any CPU
		{CA69CFED-AE25-43B3-A958-2D8709AE63EA}.Debug|x64.Build.0 = Debug|Any CPU
		{CA69CFED-AE25-43B3-A958-2D8709AE63EA}.Debug|x64.Deploy.0 = Debug|Any CPU
		{CA69CFED-AE25-43B3-A958-2D8709AE63EA}.Debug|x86.ActiveCfg = Debug|Any CPU
		{CA69CFED-AE25-43B3-A958-2D8709AE63EA}.Debug|x86.Build.0 = Debug|Any CPU
		{CA69CFED-AE25-43B3-A958-2D8709AE63EA}.Debug|x86.Deploy.0 = Debug|Any CPU
		{CA69CFED-AE25-43B3-A958-2D8709AE63EA}.Release|Any CPU.ActiveCfg = Release|Any CPU
		{CA69CFED-AE25-43B3-A958-2D8709AE63EA}.Release|Any CPU.Build.0 = Release|Any CPU
		{CA69CFED-AE25-43B3-A958-2D8709AE63EA}.Release|Any CPU.Deploy.0 = Release|Any CPU
		{CA69CFED-AE25-43B3-A958-2D8709AE63EA}.Release|ARM.ActiveCfg = Release|Any CPU
		{CA69CFED-AE25-43B3-A958-2D8709AE63EA}.Release|ARM.Build.0 = Release|Any CPU
		{CA69CFED-AE25-43B3-A958-2D8709AE63EA}.Release|ARM.Deploy.0 = Release|Any CPU
		{CA69CFED-AE25-43B3-A958-2D8709AE63EA}.Release|iPhone.ActiveCfg = Release|Any CPU
		{CA69CFED-AE25-43B3-A958-2D8709AE63EA}.Release|iPhone.Build.0 = Release|Any CPU
		{CA69CFED-AE25-43B3-A958-2D8709AE63EA}.Release|iPhone.Deploy.0 = Release|Any CPU
		{CA69CFED-AE25-43B3-A958-2D8709AE63EA}.Release|iPhoneSimulator.ActiveCfg = Release|Any CPU
		{CA69CFED-AE25-43B3-A958-2D8709AE63EA}.Release|iPhoneSimulator.Build.0 = Release|Any CPU
		{CA69CFED-AE25-43B3-A958-2D8709AE63EA}.Release|iPhoneSimulator.Deploy.0 = Release|Any CPU
		{CA69CFED-AE25-43B3-A958-2D8709AE63EA}.Release|x64.ActiveCfg = Release|Any CPU
		{CA69CFED-AE25-43B3-A958-2D8709AE63EA}.Release|x64.Build.0 = Release|Any CPU
		{CA69CFED-AE25-43B3-A958-2D8709AE63EA}.Release|x64.Deploy.0 = Release|Any CPU
		{CA69CFED-AE25-43B3-A958-2D8709AE63EA}.Release|x86.ActiveCfg = Release|Any CPU
		{CA69CFED-AE25-43B3-A958-2D8709AE63EA}.Release|x86.Build.0 = Release|Any CPU
		{CA69CFED-AE25-43B3-A958-2D8709AE63EA}.Release|x86.Deploy.0 = Release|Any CPU
		{25B36971-9D62-42AE-AF44-FC6E2A1AB550}.Ad-Hoc|Any CPU.ActiveCfg = Release|x86
		{25B36971-9D62-42AE-AF44-FC6E2A1AB550}.Ad-Hoc|Any CPU.Build.0 = Release|x86
		{25B36971-9D62-42AE-AF44-FC6E2A1AB550}.Ad-Hoc|Any CPU.Deploy.0 = Release|x86
		{25B36971-9D62-42AE-AF44-FC6E2A1AB550}.Ad-Hoc|ARM.ActiveCfg = Release|ARM
		{25B36971-9D62-42AE-AF44-FC6E2A1AB550}.Ad-Hoc|ARM.Build.0 = Release|ARM
		{25B36971-9D62-42AE-AF44-FC6E2A1AB550}.Ad-Hoc|ARM.Deploy.0 = Release|ARM
		{25B36971-9D62-42AE-AF44-FC6E2A1AB550}.Ad-Hoc|iPhone.ActiveCfg = Release|x86
		{25B36971-9D62-42AE-AF44-FC6E2A1AB550}.Ad-Hoc|iPhone.Build.0 = Release|x86
		{25B36971-9D62-42AE-AF44-FC6E2A1AB550}.Ad-Hoc|iPhone.Deploy.0 = Release|x86
		{25B36971-9D62-42AE-AF44-FC6E2A1AB550}.Ad-Hoc|iPhoneSimulator.ActiveCfg = Release|x86
		{25B36971-9D62-42AE-AF44-FC6E2A1AB550}.Ad-Hoc|iPhoneSimulator.Build.0 = Release|x86
		{25B36971-9D62-42AE-AF44-FC6E2A1AB550}.Ad-Hoc|iPhoneSimulator.Deploy.0 = Release|x86
		{25B36971-9D62-42AE-AF44-FC6E2A1AB550}.Ad-Hoc|x64.ActiveCfg = Release|x64
		{25B36971-9D62-42AE-AF44-FC6E2A1AB550}.Ad-Hoc|x64.Build.0 = Release|x64
		{25B36971-9D62-42AE-AF44-FC6E2A1AB550}.Ad-Hoc|x64.Deploy.0 = Release|x64
		{25B36971-9D62-42AE-AF44-FC6E2A1AB550}.Ad-Hoc|x86.ActiveCfg = Release|x86
		{25B36971-9D62-42AE-AF44-FC6E2A1AB550}.Ad-Hoc|x86.Build.0 = Release|x86
		{25B36971-9D62-42AE-AF44-FC6E2A1AB550}.Ad-Hoc|x86.Deploy.0 = Release|x86
		{25B36971-9D62-42AE-AF44-FC6E2A1AB550}.AppStore|Any CPU.ActiveCfg = Release|x86
		{25B36971-9D62-42AE-AF44-FC6E2A1AB550}.AppStore|Any CPU.Build.0 = Release|x86
		{25B36971-9D62-42AE-AF44-FC6E2A1AB550}.AppStore|Any CPU.Deploy.0 = Release|x86
		{25B36971-9D62-42AE-AF44-FC6E2A1AB550}.AppStore|ARM.ActiveCfg = Release|ARM
		{25B36971-9D62-42AE-AF44-FC6E2A1AB550}.AppStore|ARM.Build.0 = Release|ARM
		{25B36971-9D62-42AE-AF44-FC6E2A1AB550}.AppStore|ARM.Deploy.0 = Release|ARM
		{25B36971-9D62-42AE-AF44-FC6E2A1AB550}.AppStore|iPhone.ActiveCfg = Release|x86
		{25B36971-9D62-42AE-AF44-FC6E2A1AB550}.AppStore|iPhone.Build.0 = Release|x86
		{25B36971-9D62-42AE-AF44-FC6E2A1AB550}.AppStore|iPhone.Deploy.0 = Release|x86
		{25B36971-9D62-42AE-AF44-FC6E2A1AB550}.AppStore|iPhoneSimulator.ActiveCfg = Release|x86
		{25B36971-9D62-42AE-AF44-FC6E2A1AB550}.AppStore|iPhoneSimulator.Build.0 = Release|x86
		{25B36971-9D62-42AE-AF44-FC6E2A1AB550}.AppStore|iPhoneSimulator.Deploy.0 = Release|x86
		{25B36971-9D62-42AE-AF44-FC6E2A1AB550}.AppStore|x64.ActiveCfg = Release|x64
		{25B36971-9D62-42AE-AF44-FC6E2A1AB550}.AppStore|x64.Build.0 = Release|x64
		{25B36971-9D62-42AE-AF44-FC6E2A1AB550}.AppStore|x64.Deploy.0 = Release|x64
		{25B36971-9D62-42AE-AF44-FC6E2A1AB550}.AppStore|x86.ActiveCfg = Release|x86
		{25B36971-9D62-42AE-AF44-FC6E2A1AB550}.AppStore|x86.Build.0 = Release|x86
		{25B36971-9D62-42AE-AF44-FC6E2A1AB550}.AppStore|x86.Deploy.0 = Release|x86
		{25B36971-9D62-42AE-AF44-FC6E2A1AB550}.Debug|Any CPU.ActiveCfg = Debug|x86
		{25B36971-9D62-42AE-AF44-FC6E2A1AB550}.Debug|ARM.ActiveCfg = Debug|ARM
		{25B36971-9D62-42AE-AF44-FC6E2A1AB550}.Debug|ARM.Build.0 = Debug|ARM
		{25B36971-9D62-42AE-AF44-FC6E2A1AB550}.Debug|ARM.Deploy.0 = Debug|ARM
		{25B36971-9D62-42AE-AF44-FC6E2A1AB550}.Debug|iPhone.ActiveCfg = Debug|x86
		{25B36971-9D62-42AE-AF44-FC6E2A1AB550}.Debug|iPhoneSimulator.ActiveCfg = Debug|x86
		{25B36971-9D62-42AE-AF44-FC6E2A1AB550}.Debug|x64.ActiveCfg = Debug|x64
		{25B36971-9D62-42AE-AF44-FC6E2A1AB550}.Debug|x64.Build.0 = Debug|x64
		{25B36971-9D62-42AE-AF44-FC6E2A1AB550}.Debug|x64.Deploy.0 = Debug|x64
		{25B36971-9D62-42AE-AF44-FC6E2A1AB550}.Debug|x86.ActiveCfg = Debug|x86
		{25B36971-9D62-42AE-AF44-FC6E2A1AB550}.Debug|x86.Build.0 = Debug|x86
		{25B36971-9D62-42AE-AF44-FC6E2A1AB550}.Debug|x86.Deploy.0 = Debug|x86
		{25B36971-9D62-42AE-AF44-FC6E2A1AB550}.Release|Any CPU.ActiveCfg = Release|x86
		{25B36971-9D62-42AE-AF44-FC6E2A1AB550}.Release|ARM.ActiveCfg = Release|ARM
		{25B36971-9D62-42AE-AF44-FC6E2A1AB550}.Release|ARM.Build.0 = Release|ARM
		{25B36971-9D62-42AE-AF44-FC6E2A1AB550}.Release|ARM.Deploy.0 = Release|ARM
		{25B36971-9D62-42AE-AF44-FC6E2A1AB550}.Release|iPhone.ActiveCfg = Release|x86
		{25B36971-9D62-42AE-AF44-FC6E2A1AB550}.Release|iPhoneSimulator.ActiveCfg = Release|x86
		{25B36971-9D62-42AE-AF44-FC6E2A1AB550}.Release|x64.ActiveCfg = Release|x64
		{25B36971-9D62-42AE-AF44-FC6E2A1AB550}.Release|x64.Build.0 = Release|x64
		{25B36971-9D62-42AE-AF44-FC6E2A1AB550}.Release|x64.Deploy.0 = Release|x64
		{25B36971-9D62-42AE-AF44-FC6E2A1AB550}.Release|x86.ActiveCfg = Release|x86
		{25B36971-9D62-42AE-AF44-FC6E2A1AB550}.Release|x86.Build.0 = Release|x86
		{25B36971-9D62-42AE-AF44-FC6E2A1AB550}.Release|x86.Deploy.0 = Release|x86
		{38CE88ED-4999-4888-BEEF-B4F22BAB47AC}.Ad-Hoc|Any CPU.ActiveCfg = Ad-Hoc|iPhone
		{38CE88ED-4999-4888-BEEF-B4F22BAB47AC}.Ad-Hoc|ARM.ActiveCfg = Ad-Hoc|iPhone
		{38CE88ED-4999-4888-BEEF-B4F22BAB47AC}.Ad-Hoc|iPhone.ActiveCfg = Ad-Hoc|iPhone
		{38CE88ED-4999-4888-BEEF-B4F22BAB47AC}.Ad-Hoc|iPhone.Build.0 = Ad-Hoc|iPhone
		{38CE88ED-4999-4888-BEEF-B4F22BAB47AC}.Ad-Hoc|iPhoneSimulator.ActiveCfg = Ad-Hoc|iPhoneSimulator
		{38CE88ED-4999-4888-BEEF-B4F22BAB47AC}.Ad-Hoc|iPhoneSimulator.Build.0 = Ad-Hoc|iPhoneSimulator
		{38CE88ED-4999-4888-BEEF-B4F22BAB47AC}.Ad-Hoc|x64.ActiveCfg = Ad-Hoc|iPhone
		{38CE88ED-4999-4888-BEEF-B4F22BAB47AC}.Ad-Hoc|x86.ActiveCfg = Ad-Hoc|iPhone
		{38CE88ED-4999-4888-BEEF-B4F22BAB47AC}.AppStore|Any CPU.ActiveCfg = AppStore|iPhone
		{38CE88ED-4999-4888-BEEF-B4F22BAB47AC}.AppStore|ARM.ActiveCfg = AppStore|iPhone
		{38CE88ED-4999-4888-BEEF-B4F22BAB47AC}.AppStore|iPhone.ActiveCfg = AppStore|iPhone
		{38CE88ED-4999-4888-BEEF-B4F22BAB47AC}.AppStore|iPhone.Build.0 = AppStore|iPhone
		{38CE88ED-4999-4888-BEEF-B4F22BAB47AC}.AppStore|iPhoneSimulator.ActiveCfg = AppStore|iPhoneSimulator
		{38CE88ED-4999-4888-BEEF-B4F22BAB47AC}.AppStore|iPhoneSimulator.Build.0 = AppStore|iPhoneSimulator
		{38CE88ED-4999-4888-BEEF-B4F22BAB47AC}.AppStore|x64.ActiveCfg = AppStore|iPhone
		{38CE88ED-4999-4888-BEEF-B4F22BAB47AC}.AppStore|x86.ActiveCfg = AppStore|iPhone
		{38CE88ED-4999-4888-BEEF-B4F22BAB47AC}.Debug|Any CPU.ActiveCfg = Debug|iPhone
		{38CE88ED-4999-4888-BEEF-B4F22BAB47AC}.Debug|ARM.ActiveCfg = Debug|iPhone
		{38CE88ED-4999-4888-BEEF-B4F22BAB47AC}.Debug|iPhone.ActiveCfg = Debug|iPhone
		{38CE88ED-4999-4888-BEEF-B4F22BAB47AC}.Debug|iPhone.Build.0 = Debug|iPhone
		{38CE88ED-4999-4888-BEEF-B4F22BAB47AC}.Debug|iPhoneSimulator.ActiveCfg = Debug|iPhoneSimulator
		{38CE88ED-4999-4888-BEEF-B4F22BAB47AC}.Debug|iPhoneSimulator.Build.0 = Debug|iPhoneSimulator
		{38CE88ED-4999-4888-BEEF-B4F22BAB47AC}.Debug|x64.ActiveCfg = Debug|iPhone
		{38CE88ED-4999-4888-BEEF-B4F22BAB47AC}.Debug|x86.ActiveCfg = Debug|iPhone
		{38CE88ED-4999-4888-BEEF-B4F22BAB47AC}.Release|Any CPU.ActiveCfg = Release|iPhone
		{38CE88ED-4999-4888-BEEF-B4F22BAB47AC}.Release|ARM.ActiveCfg = Release|iPhone
		{38CE88ED-4999-4888-BEEF-B4F22BAB47AC}.Release|iPhone.ActiveCfg = Release|iPhone
		{38CE88ED-4999-4888-BEEF-B4F22BAB47AC}.Release|iPhone.Build.0 = Release|iPhone
		{38CE88ED-4999-4888-BEEF-B4F22BAB47AC}.Release|iPhoneSimulator.ActiveCfg = Release|iPhoneSimulator
		{38CE88ED-4999-4888-BEEF-B4F22BAB47AC}.Release|iPhoneSimulator.Build.0 = Release|iPhoneSimulator
		{38CE88ED-4999-4888-BEEF-B4F22BAB47AC}.Release|x64.ActiveCfg = Release|iPhone
		{38CE88ED-4999-4888-BEEF-B4F22BAB47AC}.Release|x86.ActiveCfg = Release|iPhone
		{9584CCC9-5679-4D01-90F7-B4B4479AB439}.Ad-Hoc|Any CPU.ActiveCfg = Debug|Any CPU
		{9584CCC9-5679-4D01-90F7-B4B4479AB439}.Ad-Hoc|Any CPU.Build.0 = Debug|Any CPU
		{9584CCC9-5679-4D01-90F7-B4B4479AB439}.Ad-Hoc|ARM.ActiveCfg = Debug|Any CPU
		{9584CCC9-5679-4D01-90F7-B4B4479AB439}.Ad-Hoc|ARM.Build.0 = Debug|Any CPU
		{9584CCC9-5679-4D01-90F7-B4B4479AB439}.Ad-Hoc|iPhone.ActiveCfg = Debug|Any CPU
		{9584CCC9-5679-4D01-90F7-B4B4479AB439}.Ad-Hoc|iPhone.Build.0 = Debug|Any CPU
		{9584CCC9-5679-4D01-90F7-B4B4479AB439}.Ad-Hoc|iPhoneSimulator.ActiveCfg = Debug|Any CPU
		{9584CCC9-5679-4D01-90F7-B4B4479AB439}.Ad-Hoc|iPhoneSimulator.Build.0 = Debug|Any CPU
		{9584CCC9-5679-4D01-90F7-B4B4479AB439}.Ad-Hoc|x64.ActiveCfg = Debug|Any CPU
		{9584CCC9-5679-4D01-90F7-B4B4479AB439}.Ad-Hoc|x64.Build.0 = Debug|Any CPU
		{9584CCC9-5679-4D01-90F7-B4B4479AB439}.Ad-Hoc|x86.ActiveCfg = Debug|Any CPU
		{9584CCC9-5679-4D01-90F7-B4B4479AB439}.Ad-Hoc|x86.Build.0 = Debug|Any CPU
		{9584CCC9-5679-4D01-90F7-B4B4479AB439}.AppStore|Any CPU.ActiveCfg = Debug|Any CPU
		{9584CCC9-5679-4D01-90F7-B4B4479AB439}.AppStore|Any CPU.Build.0 = Debug|Any CPU
		{9584CCC9-5679-4D01-90F7-B4B4479AB439}.AppStore|ARM.ActiveCfg = Debug|Any CPU
		{9584CCC9-5679-4D01-90F7-B4B4479AB439}.AppStore|ARM.Build.0 = Debug|Any CPU
		{9584CCC9-5679-4D01-90F7-B4B4479AB439}.AppStore|iPhone.ActiveCfg = Debug|Any CPU
		{9584CCC9-5679-4D01-90F7-B4B4479AB439}.AppStore|iPhone.Build.0 = Debug|Any CPU
		{9584CCC9-5679-4D01-90F7-B4B4479AB439}.AppStore|iPhoneSimulator.ActiveCfg = Debug|Any CPU
		{9584CCC9-5679-4D01-90F7-B4B4479AB439}.AppStore|iPhoneSimulator.Build.0 = Debug|Any CPU
		{9584CCC9-5679-4D01-90F7-B4B4479AB439}.AppStore|x64.ActiveCfg = Debug|Any CPU
		{9584CCC9-5679-4D01-90F7-B4B4479AB439}.AppStore|x64.Build.0 = Debug|Any CPU
		{9584CCC9-5679-4D01-90F7-B4B4479AB439}.AppStore|x86.ActiveCfg = Debug|Any CPU
		{9584CCC9-5679-4D01-90F7-B4B4479AB439}.AppStore|x86.Build.0 = Debug|Any CPU
		{9584CCC9-5679-4D01-90F7-B4B4479AB439}.Debug|Any CPU.ActiveCfg = Debug|Any CPU
		{9584CCC9-5679-4D01-90F7-B4B4479AB439}.Debug|Any CPU.Build.0 = Debug|Any CPU
		{9584CCC9-5679-4D01-90F7-B4B4479AB439}.Debug|ARM.ActiveCfg = Debug|Any CPU
		{9584CCC9-5679-4D01-90F7-B4B4479AB439}.Debug|ARM.Build.0 = Debug|Any CPU
		{9584CCC9-5679-4D01-90F7-B4B4479AB439}.Debug|iPhone.ActiveCfg = Debug|Any CPU
		{9584CCC9-5679-4D01-90F7-B4B4479AB439}.Debug|iPhone.Build.0 = Debug|Any CPU
		{9584CCC9-5679-4D01-90F7-B4B4479AB439}.Debug|iPhoneSimulator.ActiveCfg = Debug|Any CPU
		{9584CCC9-5679-4D01-90F7-B4B4479AB439}.Debug|iPhoneSimulator.Build.0 = Debug|Any CPU
		{9584CCC9-5679-4D01-90F7-B4B4479AB439}.Debug|x64.ActiveCfg = Debug|Any CPU
		{9584CCC9-5679-4D01-90F7-B4B4479AB439}.Debug|x64.Build.0 = Debug|Any CPU
		{9584CCC9-5679-4D01-90F7-B4B4479AB439}.Debug|x86.ActiveCfg = Debug|Any CPU
		{9584CCC9-5679-4D01-90F7-B4B4479AB439}.Debug|x86.Build.0 = Debug|Any CPU
		{9584CCC9-5679-4D01-90F7-B4B4479AB439}.Release|Any CPU.ActiveCfg = Release|Any CPU
		{9584CCC9-5679-4D01-90F7-B4B4479AB439}.Release|Any CPU.Build.0 = Release|Any CPU
		{9584CCC9-5679-4D01-90F7-B4B4479AB439}.Release|ARM.ActiveCfg = Release|Any CPU
		{9584CCC9-5679-4D01-90F7-B4B4479AB439}.Release|ARM.Build.0 = Release|Any CPU
		{9584CCC9-5679-4D01-90F7-B4B4479AB439}.Release|iPhone.ActiveCfg = Release|Any CPU
		{9584CCC9-5679-4D01-90F7-B4B4479AB439}.Release|iPhone.Build.0 = Release|Any CPU
		{9584CCC9-5679-4D01-90F7-B4B4479AB439}.Release|iPhoneSimulator.ActiveCfg = Release|Any CPU
		{9584CCC9-5679-4D01-90F7-B4B4479AB439}.Release|iPhoneSimulator.Build.0 = Release|Any CPU
		{9584CCC9-5679-4D01-90F7-B4B4479AB439}.Release|x64.ActiveCfg = Release|Any CPU
		{9584CCC9-5679-4D01-90F7-B4B4479AB439}.Release|x64.Build.0 = Release|Any CPU
		{9584CCC9-5679-4D01-90F7-B4B4479AB439}.Release|x86.ActiveCfg = Release|Any CPU
		{9584CCC9-5679-4D01-90F7-B4B4479AB439}.Release|x86.Build.0 = Release|Any CPU
		{795A8319-B9FB-4867-9A39-21EA77A8F007}.Ad-Hoc|Any CPU.ActiveCfg = Debug|Any CPU
		{795A8319-B9FB-4867-9A39-21EA77A8F007}.Ad-Hoc|Any CPU.Build.0 = Debug|Any CPU
		{795A8319-B9FB-4867-9A39-21EA77A8F007}.Ad-Hoc|ARM.ActiveCfg = Debug|Any CPU
		{795A8319-B9FB-4867-9A39-21EA77A8F007}.Ad-Hoc|ARM.Build.0 = Debug|Any CPU
		{795A8319-B9FB-4867-9A39-21EA77A8F007}.Ad-Hoc|iPhone.ActiveCfg = Debug|Any CPU
		{795A8319-B9FB-4867-9A39-21EA77A8F007}.Ad-Hoc|iPhone.Build.0 = Debug|Any CPU
		{795A8319-B9FB-4867-9A39-21EA77A8F007}.Ad-Hoc|iPhoneSimulator.ActiveCfg = Debug|Any CPU
		{795A8319-B9FB-4867-9A39-21EA77A8F007}.Ad-Hoc|iPhoneSimulator.Build.0 = Debug|Any CPU
		{795A8319-B9FB-4867-9A39-21EA77A8F007}.Ad-Hoc|x64.ActiveCfg = Debug|Any CPU
		{795A8319-B9FB-4867-9A39-21EA77A8F007}.Ad-Hoc|x64.Build.0 = Debug|Any CPU
		{795A8319-B9FB-4867-9A39-21EA77A8F007}.Ad-Hoc|x86.ActiveCfg = Debug|Any CPU
		{795A8319-B9FB-4867-9A39-21EA77A8F007}.Ad-Hoc|x86.Build.0 = Debug|Any CPU
		{795A8319-B9FB-4867-9A39-21EA77A8F007}.AppStore|Any CPU.ActiveCfg = Debug|Any CPU
		{795A8319-B9FB-4867-9A39-21EA77A8F007}.AppStore|Any CPU.Build.0 = Debug|Any CPU
		{795A8319-B9FB-4867-9A39-21EA77A8F007}.AppStore|ARM.ActiveCfg = Debug|Any CPU
		{795A8319-B9FB-4867-9A39-21EA77A8F007}.AppStore|ARM.Build.0 = Debug|Any CPU
		{795A8319-B9FB-4867-9A39-21EA77A8F007}.AppStore|iPhone.ActiveCfg = Debug|Any CPU
		{795A8319-B9FB-4867-9A39-21EA77A8F007}.AppStore|iPhone.Build.0 = Debug|Any CPU
		{795A8319-B9FB-4867-9A39-21EA77A8F007}.AppStore|iPhoneSimulator.ActiveCfg = Debug|Any CPU
		{795A8319-B9FB-4867-9A39-21EA77A8F007}.AppStore|iPhoneSimulator.Build.0 = Debug|Any CPU
		{795A8319-B9FB-4867-9A39-21EA77A8F007}.AppStore|x64.ActiveCfg = Debug|Any CPU
		{795A8319-B9FB-4867-9A39-21EA77A8F007}.AppStore|x64.Build.0 = Debug|Any CPU
		{795A8319-B9FB-4867-9A39-21EA77A8F007}.AppStore|x86.ActiveCfg = Debug|Any CPU
		{795A8319-B9FB-4867-9A39-21EA77A8F007}.AppStore|x86.Build.0 = Debug|Any CPU
		{795A8319-B9FB-4867-9A39-21EA77A8F007}.Debug|Any CPU.ActiveCfg = Debug|Any CPU
		{795A8319-B9FB-4867-9A39-21EA77A8F007}.Debug|Any CPU.Build.0 = Debug|Any CPU
		{795A8319-B9FB-4867-9A39-21EA77A8F007}.Debug|ARM.ActiveCfg = Debug|Any CPU
		{795A8319-B9FB-4867-9A39-21EA77A8F007}.Debug|ARM.Build.0 = Debug|Any CPU
		{795A8319-B9FB-4867-9A39-21EA77A8F007}.Debug|iPhone.ActiveCfg = Debug|Any CPU
		{795A8319-B9FB-4867-9A39-21EA77A8F007}.Debug|iPhone.Build.0 = Debug|Any CPU
		{795A8319-B9FB-4867-9A39-21EA77A8F007}.Debug|iPhoneSimulator.ActiveCfg = Debug|Any CPU
		{795A8319-B9FB-4867-9A39-21EA77A8F007}.Debug|iPhoneSimulator.Build.0 = Debug|Any CPU
		{795A8319-B9FB-4867-9A39-21EA77A8F007}.Debug|x64.ActiveCfg = Debug|Any CPU
		{795A8319-B9FB-4867-9A39-21EA77A8F007}.Debug|x64.Build.0 = Debug|Any CPU
		{795A8319-B9FB-4867-9A39-21EA77A8F007}.Debug|x86.ActiveCfg = Debug|Any CPU
		{795A8319-B9FB-4867-9A39-21EA77A8F007}.Debug|x86.Build.0 = Debug|Any CPU
		{795A8319-B9FB-4867-9A39-21EA77A8F007}.Release|Any CPU.ActiveCfg = Release|Any CPU
		{795A8319-B9FB-4867-9A39-21EA77A8F007}.Release|Any CPU.Build.0 = Release|Any CPU
		{795A8319-B9FB-4867-9A39-21EA77A8F007}.Release|ARM.ActiveCfg = Release|Any CPU
		{795A8319-B9FB-4867-9A39-21EA77A8F007}.Release|ARM.Build.0 = Release|Any CPU
		{795A8319-B9FB-4867-9A39-21EA77A8F007}.Release|iPhone.ActiveCfg = Release|Any CPU
		{795A8319-B9FB-4867-9A39-21EA77A8F007}.Release|iPhone.Build.0 = Release|Any CPU
		{795A8319-B9FB-4867-9A39-21EA77A8F007}.Release|iPhoneSimulator.ActiveCfg = Release|Any CPU
		{795A8319-B9FB-4867-9A39-21EA77A8F007}.Release|iPhoneSimulator.Build.0 = Release|Any CPU
		{795A8319-B9FB-4867-9A39-21EA77A8F007}.Release|x64.ActiveCfg = Release|Any CPU
		{795A8319-B9FB-4867-9A39-21EA77A8F007}.Release|x64.Build.0 = Release|Any CPU
		{795A8319-B9FB-4867-9A39-21EA77A8F007}.Release|x86.ActiveCfg = Release|Any CPU
		{795A8319-B9FB-4867-9A39-21EA77A8F007}.Release|x86.Build.0 = Release|Any CPU
		{E9EB5CCC-350E-4591-BAAD-989D289C5BE4}.Ad-Hoc|Any CPU.ActiveCfg = Debug|Any CPU
		{E9EB5CCC-350E-4591-BAAD-989D289C5BE4}.Ad-Hoc|Any CPU.Build.0 = Debug|Any CPU
		{E9EB5CCC-350E-4591-BAAD-989D289C5BE4}.Ad-Hoc|ARM.ActiveCfg = Debug|Any CPU
		{E9EB5CCC-350E-4591-BAAD-989D289C5BE4}.Ad-Hoc|ARM.Build.0 = Debug|Any CPU
		{E9EB5CCC-350E-4591-BAAD-989D289C5BE4}.Ad-Hoc|iPhone.ActiveCfg = Debug|Any CPU
		{E9EB5CCC-350E-4591-BAAD-989D289C5BE4}.Ad-Hoc|iPhone.Build.0 = Debug|Any CPU
		{E9EB5CCC-350E-4591-BAAD-989D289C5BE4}.Ad-Hoc|iPhoneSimulator.ActiveCfg = Debug|Any CPU
		{E9EB5CCC-350E-4591-BAAD-989D289C5BE4}.Ad-Hoc|iPhoneSimulator.Build.0 = Debug|Any CPU
		{E9EB5CCC-350E-4591-BAAD-989D289C5BE4}.Ad-Hoc|x64.ActiveCfg = Debug|Any CPU
		{E9EB5CCC-350E-4591-BAAD-989D289C5BE4}.Ad-Hoc|x64.Build.0 = Debug|Any CPU
		{E9EB5CCC-350E-4591-BAAD-989D289C5BE4}.Ad-Hoc|x86.ActiveCfg = Debug|Any CPU
		{E9EB5CCC-350E-4591-BAAD-989D289C5BE4}.Ad-Hoc|x86.Build.0 = Debug|Any CPU
		{E9EB5CCC-350E-4591-BAAD-989D289C5BE4}.AppStore|Any CPU.ActiveCfg = Debug|Any CPU
		{E9EB5CCC-350E-4591-BAAD-989D289C5BE4}.AppStore|Any CPU.Build.0 = Debug|Any CPU
		{E9EB5CCC-350E-4591-BAAD-989D289C5BE4}.AppStore|ARM.ActiveCfg = Debug|Any CPU
		{E9EB5CCC-350E-4591-BAAD-989D289C5BE4}.AppStore|ARM.Build.0 = Debug|Any CPU
		{E9EB5CCC-350E-4591-BAAD-989D289C5BE4}.AppStore|iPhone.ActiveCfg = Debug|Any CPU
		{E9EB5CCC-350E-4591-BAAD-989D289C5BE4}.AppStore|iPhone.Build.0 = Debug|Any CPU
		{E9EB5CCC-350E-4591-BAAD-989D289C5BE4}.AppStore|iPhoneSimulator.ActiveCfg = Debug|Any CPU
		{E9EB5CCC-350E-4591-BAAD-989D289C5BE4}.AppStore|iPhoneSimulator.Build.0 = Debug|Any CPU
		{E9EB5CCC-350E-4591-BAAD-989D289C5BE4}.AppStore|x64.ActiveCfg = Debug|Any CPU
		{E9EB5CCC-350E-4591-BAAD-989D289C5BE4}.AppStore|x64.Build.0 = Debug|Any CPU
		{E9EB5CCC-350E-4591-BAAD-989D289C5BE4}.AppStore|x86.ActiveCfg = Debug|Any CPU
		{E9EB5CCC-350E-4591-BAAD-989D289C5BE4}.AppStore|x86.Build.0 = Debug|Any CPU
		{E9EB5CCC-350E-4591-BAAD-989D289C5BE4}.Debug|Any CPU.ActiveCfg = Debug|Any CPU
		{E9EB5CCC-350E-4591-BAAD-989D289C5BE4}.Debug|Any CPU.Build.0 = Debug|Any CPU
		{E9EB5CCC-350E-4591-BAAD-989D289C5BE4}.Debug|ARM.ActiveCfg = Debug|Any CPU
		{E9EB5CCC-350E-4591-BAAD-989D289C5BE4}.Debug|ARM.Build.0 = Debug|Any CPU
		{E9EB5CCC-350E-4591-BAAD-989D289C5BE4}.Debug|iPhone.ActiveCfg = Debug|Any CPU
		{E9EB5CCC-350E-4591-BAAD-989D289C5BE4}.Debug|iPhone.Build.0 = Debug|Any CPU
		{E9EB5CCC-350E-4591-BAAD-989D289C5BE4}.Debug|iPhoneSimulator.ActiveCfg = Debug|Any CPU
		{E9EB5CCC-350E-4591-BAAD-989D289C5BE4}.Debug|iPhoneSimulator.Build.0 = Debug|Any CPU
		{E9EB5CCC-350E-4591-BAAD-989D289C5BE4}.Debug|x64.ActiveCfg = Debug|Any CPU
		{E9EB5CCC-350E-4591-BAAD-989D289C5BE4}.Debug|x64.Build.0 = Debug|Any CPU
		{E9EB5CCC-350E-4591-BAAD-989D289C5BE4}.Debug|x86.ActiveCfg = Debug|Any CPU
		{E9EB5CCC-350E-4591-BAAD-989D289C5BE4}.Debug|x86.Build.0 = Debug|Any CPU
		{E9EB5CCC-350E-4591-BAAD-989D289C5BE4}.Release|Any CPU.ActiveCfg = Release|Any CPU
		{E9EB5CCC-350E-4591-BAAD-989D289C5BE4}.Release|Any CPU.Build.0 = Release|Any CPU
		{E9EB5CCC-350E-4591-BAAD-989D289C5BE4}.Release|ARM.ActiveCfg = Release|Any CPU
		{E9EB5CCC-350E-4591-BAAD-989D289C5BE4}.Release|ARM.Build.0 = Release|Any CPU
		{E9EB5CCC-350E-4591-BAAD-989D289C5BE4}.Release|iPhone.ActiveCfg = Release|Any CPU
		{E9EB5CCC-350E-4591-BAAD-989D289C5BE4}.Release|iPhone.Build.0 = Release|Any CPU
		{E9EB5CCC-350E-4591-BAAD-989D289C5BE4}.Release|iPhoneSimulator.ActiveCfg = Release|Any CPU
		{E9EB5CCC-350E-4591-BAAD-989D289C5BE4}.Release|iPhoneSimulator.Build.0 = Release|Any CPU
		{E9EB5CCC-350E-4591-BAAD-989D289C5BE4}.Release|x64.ActiveCfg = Release|Any CPU
		{E9EB5CCC-350E-4591-BAAD-989D289C5BE4}.Release|x64.Build.0 = Release|Any CPU
		{E9EB5CCC-350E-4591-BAAD-989D289C5BE4}.Release|x86.ActiveCfg = Release|Any CPU
		{E9EB5CCC-350E-4591-BAAD-989D289C5BE4}.Release|x86.Build.0 = Release|Any CPU
	EndGlobalSection
	GlobalSection(SolutionProperties) = preSolution
		HideSolutionNode = FALSE
	EndGlobalSection
	GlobalSection(NestedProjects) = preSolution
		{795A8319-B9FB-4867-9A39-21EA77A8F007} = {A35DF06C-5E0A-45BF-A5D5-FDA883291AB7}
		{E9EB5CCC-350E-4591-BAAD-989D289C5BE4} = {9E424D33-EE13-4593-8498-0D7420DAD064}
	EndGlobalSection
	GlobalSection(ExtensibilityGlobals) = postSolution
		SolutionGuid = {2A5DE599-4975-4046-8F41-C5324F16675A}
	EndGlobalSection
EndGlobal
